
Microsoft Visual Studio Solution File, Format Version 12.00
# Visual Studio Version 16
VisualStudioVersion = 16.0.31729.503
MinimumVisualStudioVersion = 10.0.40219.1
Project("{FAE04EC0-301F-11D3-BF4B-00C04F79EFBC}") = "FunctionsForArrays", "FunctionsForArrays\FunctionsForArrays.csproj", "{D9525211-ECF1-4E2F-8010-0C48ED36C473}"
EndProject
Global
	GlobalSection(SolutionConfigurationPlatforms) = preSolution
		Debug|Any CPU = Debug|Any CPU
		Release|Any CPU = Release|Any CPU
	EndGlobalSection
	GlobalSection(ProjectConfigurationPlatforms) = postSolution
		{D9525211-ECF1-4E2F-8010-0C48ED36C473}.Debug|Any CPU.ActiveCfg = Debug|Any CPU
		{D9525211-ECF1-4E2F-8010-0C48ED36C473}.Debug|Any CPU.Build.0 = Debug|Any CPU
		{D9525211-ECF1-4E2F-8010-0C48ED36C473}.Release|Any CPU.ActiveCfg = Release|Any CPU
		{D9525211-ECF1-4E2F-8010-0C48ED36C473}.Release|Any CPU.Build.0 = Release|Any CPU
	EndGlobalSection
	GlobalSection(SolutionProperties) = preSolution
		HideSolutionNode = FALSE
	EndGlobalSection
	GlobalSection(ExtensibilityGlobals) = postSolution
		SolutionGuid = {BDB725DE-0DEE-4AA8-945E-0C73B2EC86F4}
	EndGlobalSection
EndGlobal
